
Microsoft Visual Studio Solution File, Format Version 12.00
# Visual Studio Version 17
VisualStudioVersion = 17.1.32210.238
MinimumVisualStudioVersion = 10.0.40219.1
Project("{FAE04EC0-301F-11D3-BF4B-00C04F79EFBC}") = "Bililive_dm", "Bililive_dm\Bililive_dm.csproj", "{545A89C8-2276-498D-B892-6AA3AF0ED1F7}"
	ProjectSection(ProjectDependencies) = postProject
		{36EE8076-FD50-4A1F-8853-D70C0D921711} = {36EE8076-FD50-4A1F-8853-D70C0D921711}
	EndProjectSection
EndProject
Project("{FAE04EC0-301F-11D3-BF4B-00C04F79EFBC}") = "BiliDMLib", "BiliDMLib\BiliDMLib.csproj", "{76778870-A6F5-43F4-9BAA-DEC0473F217E}"
EndProject
Project("{8BC9CEB8-8B4A-11D0-8D11-00A0C91BC942}") = "libwtfdanmaku", "libwtfdanmaku\libwtfdanmaku.vcxproj", "{817EBE08-2BE4-4251-92D0-117822D8F16A}"
EndProject
Project("{8BC9CEB8-8B4A-11D0-8D11-00A0C91BC942}") = "wtf_lib_builder", "wtf_lib_builder\wtf_lib_builder.vcxproj", "{36EE8076-FD50-4A1F-8853-D70C0D921711}"
EndProject
Project("{FAE04EC0-301F-11D3-BF4B-00C04F79EFBC}") = "BilibiliDM_PluginFramework", "BilibiliDM_PluginFramework\BilibiliDM_PluginFramework.csproj", "{62FE6607-FE23-4DF0-BF23-9FB7D70C829A}"
EndProject
Project("{FAE04EC0-301F-11D3-BF4B-00C04F79EFBC}") = "DMPluginTest", "DMPluginTest\DMPluginTest.csproj", "{0A1A8C48-3C84-4030-89C7-7B27643BC789}"
EndProject
Project("{FAE04EC0-301F-11D3-BF4B-00C04F79EFBC}") = "Bililive_dm_UWPViewer", "Bililive_dm_UWPViewer\Bililive_dm_UWPViewer.csproj", "{708BE32F-3BB5-4D19-A925-B65B61B37C0F}"
EndProject
Project("{FAE04EC0-301F-11D3-BF4B-00C04F79EFBC}") = "BililiveDebugPlugin", "BililiveDebugPlugin\BililiveDebugPlugin.csproj", "{F4DF309F-BF39-4D01-8FFA-0B0AD93EE5A1}"
EndProject
Project("{FAE04EC0-301F-11D3-BF4B-00C04F79EFBC}") = "BililiveAudioCmtPlayer", "BililiveAudioCmtPlayer\BililiveAudioCmtPlayer.csproj", "{ED73592B-9381-44CB-BA65-73A87509B17B}"
EndProject
Project("{FAE04EC0-301F-11D3-BF4B-00C04F79EFBC}") = "BLiveSpotify_Plugin", "BLiveSpotify_Plugin\BLiveSpotify_Plugin.csproj", "{DFBF5898-70CD-4D9B-909B-2E95FA3FBB91}"
EndProject
Project("{2150E333-8FDC-42A3-9474-1A3956D46DE8}") = "FX", "FX", "{217FE0F4-5A9C-4E78-B7C3-6A5AC8FBF23F}"
EndProject
Project("{2150E333-8FDC-42A3-9474-1A3956D46DE8}") = "Core", "Core", "{4A268887-EC73-42D5-9E0E-58DAC2C836C8}"
EndProject
Project("{2150E333-8FDC-42A3-9474-1A3956D46DE8}") = "UWP", "UWP", "{EE38DE68-3D89-4E3C-A4B8-80FBACB3A9E8}"
EndProject
Project("{9A19103F-16F7-4668-BE54-9A1E7A4F7556}") = "BiliDMLibCore", "BiliDMLibCore\BiliDMLibCore.csproj", "{B7E76129-E733-4A23-9C56-CDA123D83ACF}"
EndProject
Project("{9A19103F-16F7-4668-BE54-9A1E7A4F7556}") = "BililliveCmtViewerCore", "BililliveCmtViewerCore\BililliveCmtViewerCore.csproj", "{27A5E42A-CE2F-4BFA-B4B4-A94EBD82979C}"
EndProject
Project("{9A19103F-16F7-4668-BE54-9A1E7A4F7556}") = "BililiveCmtViewer.Console", "BililiveCmtViewer.Console\BililiveCmtViewer.Console.csproj", "{A5EE508A-BBDF-4D0F-B4C7-E87AB6FAB280}"
EndProject
Global
	GlobalSection(SolutionConfigurationPlatforms) = preSolution
		Debug|Any CPU = Debug|Any CPU
		Debug|ARM = Debug|ARM
		Debug|ARM64 = Debug|ARM64
		Debug|x64 = Debug|x64
		Debug|x86 = Debug|x86
		Release|Any CPU = Release|Any CPU
		Release|ARM = Release|ARM
		Release|ARM64 = Release|ARM64
		Release|x64 = Release|x64
		Release|x86 = Release|x86
	EndGlobalSection
	GlobalSection(ProjectConfigurationPlatforms) = postSolution
		{545A89C8-2276-498D-B892-6AA3AF0ED1F7}.Debug|Any CPU.ActiveCfg = Debug|Any CPU
		{545A89C8-2276-498D-B892-6AA3AF0ED1F7}.Debug|Any CPU.Build.0 = Debug|Any CPU
		{545A89C8-2276-498D-B892-6AA3AF0ED1F7}.Debug|ARM.ActiveCfg = Debug|Any CPU
		{545A89C8-2276-498D-B892-6AA3AF0ED1F7}.Debug|ARM.Build.0 = Debug|Any CPU
		{545A89C8-2276-498D-B892-6AA3AF0ED1F7}.Debug|ARM64.ActiveCfg = Debug|Any CPU
		{545A89C8-2276-498D-B892-6AA3AF0ED1F7}.Debug|ARM64.Build.0 = Debug|Any CPU
		{545A89C8-2276-498D-B892-6AA3AF0ED1F7}.Debug|x64.ActiveCfg = Debug|Any CPU
		{545A89C8-2276-498D-B892-6AA3AF0ED1F7}.Debug|x64.Build.0 = Debug|Any CPU
		{545A89C8-2276-498D-B892-6AA3AF0ED1F7}.Debug|x86.ActiveCfg = Debug|x86
		{545A89C8-2276-498D-B892-6AA3AF0ED1F7}.Debug|x86.Build.0 = Debug|x86
		{545A89C8-2276-498D-B892-6AA3AF0ED1F7}.Release|Any CPU.ActiveCfg = Release|Any CPU
		{545A89C8-2276-498D-B892-6AA3AF0ED1F7}.Release|Any CPU.Build.0 = Release|Any CPU
		{545A89C8-2276-498D-B892-6AA3AF0ED1F7}.Release|ARM.ActiveCfg = Release|Any CPU
		{545A89C8-2276-498D-B892-6AA3AF0ED1F7}.Release|ARM.Build.0 = Release|Any CPU
		{545A89C8-2276-498D-B892-6AA3AF0ED1F7}.Release|ARM64.ActiveCfg = Release|Any CPU
		{545A89C8-2276-498D-B892-6AA3AF0ED1F7}.Release|ARM64.Build.0 = Release|Any CPU
		{545A89C8-2276-498D-B892-6AA3AF0ED1F7}.Release|x64.ActiveCfg = Release|Any CPU
		{545A89C8-2276-498D-B892-6AA3AF0ED1F7}.Release|x64.Build.0 = Release|Any CPU
		{545A89C8-2276-498D-B892-6AA3AF0ED1F7}.Release|x86.ActiveCfg = Release|x86
		{545A89C8-2276-498D-B892-6AA3AF0ED1F7}.Release|x86.Build.0 = Release|x86
		{76778870-A6F5-43F4-9BAA-DEC0473F217E}.Debug|Any CPU.ActiveCfg = Debug|Any CPU
		{76778870-A6F5-43F4-9BAA-DEC0473F217E}.Debug|Any CPU.Build.0 = Debug|Any CPU
		{76778870-A6F5-43F4-9BAA-DEC0473F217E}.Debug|ARM.ActiveCfg = Debug|Any CPU
		{76778870-A6F5-43F4-9BAA-DEC0473F217E}.Debug|ARM.Build.0 = Debug|Any CPU
		{76778870-A6F5-43F4-9BAA-DEC0473F217E}.Debug|ARM64.ActiveCfg = Debug|Any CPU
		{76778870-A6F5-43F4-9BAA-DEC0473F217E}.Debug|ARM64.Build.0 = Debug|Any CPU
		{76778870-A6F5-43F4-9BAA-DEC0473F217E}.Debug|x64.ActiveCfg = Debug|Any CPU
		{76778870-A6F5-43F4-9BAA-DEC0473F217E}.Debug|x64.Build.0 = Debug|Any CPU
		{76778870-A6F5-43F4-9BAA-DEC0473F217E}.Debug|x86.ActiveCfg = Debug|x86
		{76778870-A6F5-43F4-9BAA-DEC0473F217E}.Debug|x86.Build.0 = Debug|x86
		{76778870-A6F5-43F4-9BAA-DEC0473F217E}.Release|Any CPU.ActiveCfg = Release|Any CPU
		{76778870-A6F5-43F4-9BAA-DEC0473F217E}.Release|Any CPU.Build.0 = Release|Any CPU
		{76778870-A6F5-43F4-9BAA-DEC0473F217E}.Release|ARM.ActiveCfg = Release|Any CPU
		{76778870-A6F5-43F4-9BAA-DEC0473F217E}.Release|ARM.Build.0 = Release|Any CPU
		{76778870-A6F5-43F4-9BAA-DEC0473F217E}.Release|ARM64.ActiveCfg = Release|Any CPU
		{76778870-A6F5-43F4-9BAA-DEC0473F217E}.Release|ARM64.Build.0 = Release|Any CPU
		{76778870-A6F5-43F4-9BAA-DEC0473F217E}.Release|x64.ActiveCfg = Release|Any CPU
		{76778870-A6F5-43F4-9BAA-DEC0473F217E}.Release|x64.Build.0 = Release|Any CPU
		{76778870-A6F5-43F4-9BAA-DEC0473F217E}.Release|x86.ActiveCfg = Release|x86
		{76778870-A6F5-43F4-9BAA-DEC0473F217E}.Release|x86.Build.0 = Release|x86
		{817EBE08-2BE4-4251-92D0-117822D8F16A}.Debug|Any CPU.ActiveCfg = Debug|Win32
		{817EBE08-2BE4-4251-92D0-117822D8F16A}.Debug|ARM.ActiveCfg = Debug|Win32
		{817EBE08-2BE4-4251-92D0-117822D8F16A}.Debug|ARM64.ActiveCfg = Debug|Win32
		{817EBE08-2BE4-4251-92D0-117822D8F16A}.Debug|x64.ActiveCfg = Debug|x64
		{817EBE08-2BE4-4251-92D0-117822D8F16A}.Debug|x64.Build.0 = Debug|x64
		{817EBE08-2BE4-4251-92D0-117822D8F16A}.Debug|x86.ActiveCfg = Debug|Win32
		{817EBE08-2BE4-4251-92D0-117822D8F16A}.Release|Any CPU.ActiveCfg = Release|Win32
		{817EBE08-2BE4-4251-92D0-117822D8F16A}.Release|ARM.ActiveCfg = Release|Win32
		{817EBE08-2BE4-4251-92D0-117822D8F16A}.Release|ARM64.ActiveCfg = Release|Win32
		{817EBE08-2BE4-4251-92D0-117822D8F16A}.Release|x64.ActiveCfg = Release|x64
		{817EBE08-2BE4-4251-92D0-117822D8F16A}.Release|x64.Build.0 = Release|x64
		{817EBE08-2BE4-4251-92D0-117822D8F16A}.Release|x86.ActiveCfg = Release|Win32
		{817EBE08-2BE4-4251-92D0-117822D8F16A}.Release|x86.Build.0 = Release|Win32
		{36EE8076-FD50-4A1F-8853-D70C0D921711}.Debug|Any CPU.ActiveCfg = Debug|Win32
		{36EE8076-FD50-4A1F-8853-D70C0D921711}.Debug|Any CPU.Build.0 = Debug|Win32
		{36EE8076-FD50-4A1F-8853-D70C0D921711}.Debug|ARM.ActiveCfg = Debug|Win32
		{36EE8076-FD50-4A1F-8853-D70C0D921711}.Debug|ARM64.ActiveCfg = Debug|Win32
		{36EE8076-FD50-4A1F-8853-D70C0D921711}.Debug|x64.ActiveCfg = Debug|Win32
		{36EE8076-FD50-4A1F-8853-D70C0D921711}.Debug|x86.ActiveCfg = Debug|Win32
		{36EE8076-FD50-4A1F-8853-D70C0D921711}.Debug|x86.Build.0 = Debug|Win32
		{36EE8076-FD50-4A1F-8853-D70C0D921711}.Release|Any CPU.ActiveCfg = Release|Win32
		{36EE8076-FD50-4A1F-8853-D70C0D921711}.Release|Any CPU.Build.0 = Release|Win32
		{36EE8076-FD50-4A1F-8853-D70C0D921711}.Release|ARM.ActiveCfg = Release|Win32
		{36EE8076-FD50-4A1F-8853-D70C0D921711}.Release|ARM64.ActiveCfg = Release|Win32
		{36EE8076-FD50-4A1F-8853-D70C0D921711}.Release|x64.ActiveCfg = Release|Win32
		{36EE8076-FD50-4A1F-8853-D70C0D921711}.Release|x86.ActiveCfg = Release|Win32
		{36EE8076-FD50-4A1F-8853-D70C0D921711}.Release|x86.Build.0 = Release|Win32
		{62FE6607-FE23-4DF0-BF23-9FB7D70C829A}.Debug|Any CPU.ActiveCfg = Debug|Any CPU
		{62FE6607-FE23-4DF0-BF23-9FB7D70C829A}.Debug|Any CPU.Build.0 = Debug|Any CPU
		{62FE6607-FE23-4DF0-BF23-9FB7D70C829A}.Debug|ARM.ActiveCfg = Debug|Any CPU
		{62FE6607-FE23-4DF0-BF23-9FB7D70C829A}.Debug|ARM.Build.0 = Debug|Any CPU
		{62FE6607-FE23-4DF0-BF23-9FB7D70C829A}.Debug|ARM64.ActiveCfg = Debug|Any CPU
		{62FE6607-FE23-4DF0-BF23-9FB7D70C829A}.Debug|ARM64.Build.0 = Debug|Any CPU
		{62FE6607-FE23-4DF0-BF23-9FB7D70C829A}.Debug|x64.ActiveCfg = Debug|Any CPU
		{62FE6607-FE23-4DF0-BF23-9FB7D70C829A}.Debug|x64.Build.0 = Debug|Any CPU
		{62FE6607-FE23-4DF0-BF23-9FB7D70C829A}.Debug|x86.ActiveCfg = Debug|x86
		{62FE6607-FE23-4DF0-BF23-9FB7D70C829A}.Debug|x86.Build.0 = Debug|x86
		{62FE6607-FE23-4DF0-BF23-9FB7D70C829A}.Release|Any CPU.ActiveCfg = Release|Any CPU
		{62FE6607-FE23-4DF0-BF23-9FB7D70C829A}.Release|Any CPU.Build.0 = Release|Any CPU
		{62FE6607-FE23-4DF0-BF23-9FB7D70C829A}.Release|ARM.ActiveCfg = Release|Any CPU
		{62FE6607-FE23-4DF0-BF23-9FB7D70C829A}.Release|ARM.Build.0 = Release|Any CPU
		{62FE6607-FE23-4DF0-BF23-9FB7D70C829A}.Release|ARM64.ActiveCfg = Release|Any CPU
		{62FE6607-FE23-4DF0-BF23-9FB7D70C829A}.Release|ARM64.Build.0 = Release|Any CPU
		{62FE6607-FE23-4DF0-BF23-9FB7D70C829A}.Release|x64.ActiveCfg = Release|Any CPU
		{62FE6607-FE23-4DF0-BF23-9FB7D70C829A}.Release|x64.Build.0 = Release|Any CPU
		{62FE6607-FE23-4DF0-BF23-9FB7D70C829A}.Release|x86.ActiveCfg = Release|x86
		{62FE6607-FE23-4DF0-BF23-9FB7D70C829A}.Release|x86.Build.0 = Release|x86
		{0A1A8C48-3C84-4030-89C7-7B27643BC789}.Debug|Any CPU.ActiveCfg = Debug|Any CPU
		{0A1A8C48-3C84-4030-89C7-7B27643BC789}.Debug|Any CPU.Build.0 = Debug|Any CPU
		{0A1A8C48-3C84-4030-89C7-7B27643BC789}.Debug|ARM.ActiveCfg = Debug|Any CPU
		{0A1A8C48-3C84-4030-89C7-7B27643BC789}.Debug|ARM.Build.0 = Debug|Any CPU
		{0A1A8C48-3C84-4030-89C7-7B27643BC789}.Debug|ARM64.ActiveCfg = Debug|Any CPU
		{0A1A8C48-3C84-4030-89C7-7B27643BC789}.Debug|ARM64.Build.0 = Debug|Any CPU
		{0A1A8C48-3C84-4030-89C7-7B27643BC789}.Debug|x64.ActiveCfg = Debug|Any CPU
		{0A1A8C48-3C84-4030-89C7-7B27643BC789}.Debug|x64.Build.0 = Debug|Any CPU
		{0A1A8C48-3C84-4030-89C7-7B27643BC789}.Debug|x86.ActiveCfg = Debug|x86
		{0A1A8C48-3C84-4030-89C7-7B27643BC789}.Debug|x86.Build.0 = Debug|x86
		{0A1A8C48-3C84-4030-89C7-7B27643BC789}.Release|Any CPU.ActiveCfg = Release|Any CPU
		{0A1A8C48-3C84-4030-89C7-7B27643BC789}.Release|Any CPU.Build.0 = Release|Any CPU
		{0A1A8C48-3C84-4030-89C7-7B27643BC789}.Release|ARM.ActiveCfg = Release|Any CPU
		{0A1A8C48-3C84-4030-89C7-7B27643BC789}.Release|ARM.Build.0 = Release|Any CPU
		{0A1A8C48-3C84-4030-89C7-7B27643BC789}.Release|ARM64.ActiveCfg = Release|Any CPU
		{0A1A8C48-3C84-4030-89C7-7B27643BC789}.Release|ARM64.Build.0 = Release|Any CPU
		{0A1A8C48-3C84-4030-89C7-7B27643BC789}.Release|x64.ActiveCfg = Release|Any CPU
		{0A1A8C48-3C84-4030-89C7-7B27643BC789}.Release|x64.Build.0 = Release|Any CPU
		{0A1A8C48-3C84-4030-89C7-7B27643BC789}.Release|x86.ActiveCfg = Release|x86
		{0A1A8C48-3C84-4030-89C7-7B27643BC789}.Release|x86.Build.0 = Release|x86
		{708BE32F-3BB5-4D19-A925-B65B61B37C0F}.Debug|Any CPU.ActiveCfg = Debug|x86
		{708BE32F-3BB5-4D19-A925-B65B61B37C0F}.Debug|ARM.ActiveCfg = Debug|ARM
		{708BE32F-3BB5-4D19-A925-B65B61B37C0F}.Debug|ARM.Build.0 = Debug|ARM
		{708BE32F-3BB5-4D19-A925-B65B61B37C0F}.Debug|ARM.Deploy.0 = Debug|ARM
		{708BE32F-3BB5-4D19-A925-B65B61B37C0F}.Debug|ARM64.ActiveCfg = Debug|ARM64
		{708BE32F-3BB5-4D19-A925-B65B61B37C0F}.Debug|ARM64.Build.0 = Debug|ARM64
		{708BE32F-3BB5-4D19-A925-B65B61B37C0F}.Debug|ARM64.Deploy.0 = Debug|ARM64
		{708BE32F-3BB5-4D19-A925-B65B61B37C0F}.Debug|x64.ActiveCfg = Debug|x64
		{708BE32F-3BB5-4D19-A925-B65B61B37C0F}.Debug|x64.Build.0 = Debug|x64
		{708BE32F-3BB5-4D19-A925-B65B61B37C0F}.Debug|x64.Deploy.0 = Debug|x64
		{708BE32F-3BB5-4D19-A925-B65B61B37C0F}.Debug|x86.ActiveCfg = Debug|x86
		{708BE32F-3BB5-4D19-A925-B65B61B37C0F}.Debug|x86.Build.0 = Debug|x86
		{708BE32F-3BB5-4D19-A925-B65B61B37C0F}.Debug|x86.Deploy.0 = Debug|x86
		{708BE32F-3BB5-4D19-A925-B65B61B37C0F}.Release|Any CPU.ActiveCfg = Release|x86
		{708BE32F-3BB5-4D19-A925-B65B61B37C0F}.Release|ARM.ActiveCfg = Release|ARM
		{708BE32F-3BB5-4D19-A925-B65B61B37C0F}.Release|ARM.Build.0 = Release|ARM
		{708BE32F-3BB5-4D19-A925-B65B61B37C0F}.Release|ARM.Deploy.0 = Release|ARM
		{708BE32F-3BB5-4D19-A925-B65B61B37C0F}.Release|ARM64.ActiveCfg = Release|ARM64
		{708BE32F-3BB5-4D19-A925-B65B61B37C0F}.Release|ARM64.Build.0 = Release|ARM64
		{708BE32F-3BB5-4D19-A925-B65B61B37C0F}.Release|ARM64.Deploy.0 = Release|ARM64
		{708BE32F-3BB5-4D19-A925-B65B61B37C0F}.Release|x64.ActiveCfg = Release|x64
		{708BE32F-3BB5-4D19-A925-B65B61B37C0F}.Release|x64.Build.0 = Release|x64
		{708BE32F-3BB5-4D19-A925-B65B61B37C0F}.Release|x64.Deploy.0 = Release|x64
		{708BE32F-3BB5-4D19-A925-B65B61B37C0F}.Release|x86.ActiveCfg = Release|x86
		{708BE32F-3BB5-4D19-A925-B65B61B37C0F}.Release|x86.Build.0 = Release|x86
		{708BE32F-3BB5-4D19-A925-B65B61B37C0F}.Release|x86.Deploy.0 = Release|x86
		{F4DF309F-BF39-4D01-8FFA-0B0AD93EE5A1}.Debug|Any CPU.ActiveCfg = Debug|Any CPU
		{F4DF309F-BF39-4D01-8FFA-0B0AD93EE5A1}.Debug|Any CPU.Build.0 = Debug|Any CPU
		{F4DF309F-BF39-4D01-8FFA-0B0AD93EE5A1}.Debug|ARM.ActiveCfg = Debug|Any CPU
		{F4DF309F-BF39-4D01-8FFA-0B0AD93EE5A1}.Debug|ARM.Build.0 = Debug|Any CPU
		{F4DF309F-BF39-4D01-8FFA-0B0AD93EE5A1}.Debug|ARM64.ActiveCfg = Debug|Any CPU
		{F4DF309F-BF39-4D01-8FFA-0B0AD93EE5A1}.Debug|ARM64.Build.0 = Debug|Any CPU
		{F4DF309F-BF39-4D01-8FFA-0B0AD93EE5A1}.Debug|x64.ActiveCfg = Debug|Any CPU
		{F4DF309F-BF39-4D01-8FFA-0B0AD93EE5A1}.Debug|x64.Build.0 = Debug|Any CPU
		{F4DF309F-BF39-4D01-8FFA-0B0AD93EE5A1}.Debug|x86.ActiveCfg = Debug|Any CPU
		{F4DF309F-BF39-4D01-8FFA-0B0AD93EE5A1}.Debug|x86.Build.0 = Debug|Any CPU
		{F4DF309F-BF39-4D01-8FFA-0B0AD93EE5A1}.Release|Any CPU.ActiveCfg = Release|Any CPU
		{F4DF309F-BF39-4D01-8FFA-0B0AD93EE5A1}.Release|Any CPU.Build.0 = Release|Any CPU
		{F4DF309F-BF39-4D01-8FFA-0B0AD93EE5A1}.Release|ARM.ActiveCfg = Release|Any CPU
		{F4DF309F-BF39-4D01-8FFA-0B0AD93EE5A1}.Release|ARM.Build.0 = Release|Any CPU
		{F4DF309F-BF39-4D01-8FFA-0B0AD93EE5A1}.Release|ARM64.ActiveCfg = Release|Any CPU
		{F4DF309F-BF39-4D01-8FFA-0B0AD93EE5A1}.Release|ARM64.Build.0 = Release|Any CPU
		{F4DF309F-BF39-4D01-8FFA-0B0AD93EE5A1}.Release|x64.ActiveCfg = Release|Any CPU
		{F4DF309F-BF39-4D01-8FFA-0B0AD93EE5A1}.Release|x64.Build.0 = Release|Any CPU
		{F4DF309F-BF39-4D01-8FFA-0B0AD93EE5A1}.Release|x86.ActiveCfg = Release|Any CPU
		{F4DF309F-BF39-4D01-8FFA-0B0AD93EE5A1}.Release|x86.Build.0 = Release|Any CPU
		{ED73592B-9381-44CB-BA65-73A87509B17B}.Debug|Any CPU.ActiveCfg = Debug|Any CPU
		{ED73592B-9381-44CB-BA65-73A87509B17B}.Debug|Any CPU.Build.0 = Debug|Any CPU
		{ED73592B-9381-44CB-BA65-73A87509B17B}.Debug|ARM.ActiveCfg = Debug|Any CPU
		{ED73592B-9381-44CB-BA65-73A87509B17B}.Debug|ARM.Build.0 = Debug|Any CPU
		{ED73592B-9381-44CB-BA65-73A87509B17B}.Debug|ARM64.ActiveCfg = Debug|Any CPU
		{ED73592B-9381-44CB-BA65-73A87509B17B}.Debug|ARM64.Build.0 = Debug|Any CPU
		{ED73592B-9381-44CB-BA65-73A87509B17B}.Debug|x64.ActiveCfg = Debug|Any CPU
		{ED73592B-9381-44CB-BA65-73A87509B17B}.Debug|x64.Build.0 = Debug|Any CPU
		{ED73592B-9381-44CB-BA65-73A87509B17B}.Debug|x86.ActiveCfg = Debug|Any CPU
		{ED73592B-9381-44CB-BA65-73A87509B17B}.Debug|x86.Build.0 = Debug|Any CPU
		{ED73592B-9381-44CB-BA65-73A87509B17B}.Release|Any CPU.ActiveCfg = Release|Any CPU
		{ED73592B-9381-44CB-BA65-73A87509B17B}.Release|Any CPU.Build.0 = Release|Any CPU
		{ED73592B-9381-44CB-BA65-73A87509B17B}.Release|ARM.ActiveCfg = Release|Any CPU
		{ED73592B-9381-44CB-BA65-73A87509B17B}.Release|ARM.Build.0 = Release|Any CPU
		{ED73592B-9381-44CB-BA65-73A87509B17B}.Release|ARM64.ActiveCfg = Release|Any CPU
		{ED73592B-9381-44CB-BA65-73A87509B17B}.Release|ARM64.Build.0 = Release|Any CPU
		{ED73592B-9381-44CB-BA65-73A87509B17B}.Release|x64.ActiveCfg = Release|Any CPU
		{ED73592B-9381-44CB-BA65-73A87509B17B}.Release|x64.Build.0 = Release|Any CPU
		{ED73592B-9381-44CB-BA65-73A87509B17B}.Release|x86.ActiveCfg = Release|Any CPU
		{ED73592B-9381-44CB-BA65-73A87509B17B}.Release|x86.Build.0 = Release|Any CPU
		{DFBF5898-70CD-4D9B-909B-2E95FA3FBB91}.Debug|Any CPU.ActiveCfg = Debug|Any CPU
		{DFBF5898-70CD-4D9B-909B-2E95FA3FBB91}.Debug|Any CPU.Build.0 = Debug|Any CPU
		{DFBF5898-70CD-4D9B-909B-2E95FA3FBB91}.Debug|ARM.ActiveCfg = Debug|Any CPU
		{DFBF5898-70CD-4D9B-909B-2E95FA3FBB91}.Debug|ARM.Build.0 = Debug|Any CPU
		{DFBF5898-70CD-4D9B-909B-2E95FA3FBB91}.Debug|ARM64.ActiveCfg = Debug|Any CPU
		{DFBF5898-70CD-4D9B-909B-2E95FA3FBB91}.Debug|ARM64.Build.0 = Debug|Any CPU
		{DFBF5898-70CD-4D9B-909B-2E95FA3FBB91}.Debug|x64.ActiveCfg = Debug|Any CPU
		{DFBF5898-70CD-4D9B-909B-2E95FA3FBB91}.Debug|x64.Build.0 = Debug|Any CPU
		{DFBF5898-70CD-4D9B-909B-2E95FA3FBB91}.Debug|x86.ActiveCfg = Debug|Any CPU
		{DFBF5898-70CD-4D9B-909B-2E95FA3FBB91}.Debug|x86.Build.0 = Debug|Any CPU
		{DFBF5898-70CD-4D9B-909B-2E95FA3FBB91}.Release|Any CPU.ActiveCfg = Release|Any CPU
		{DFBF5898-70CD-4D9B-909B-2E95FA3FBB91}.Release|Any CPU.Build.0 = Release|Any CPU
		{DFBF5898-70CD-4D9B-909B-2E95FA3FBB91}.Release|ARM.ActiveCfg = Release|Any CPU
		{DFBF5898-70CD-4D9B-909B-2E95FA3FBB91}.Release|ARM.Build.0 = Release|Any CPU
		{DFBF5898-70CD-4D9B-909B-2E95FA3FBB91}.Release|ARM64.ActiveCfg = Release|Any CPU
		{DFBF5898-70CD-4D9B-909B-2E95FA3FBB91}.Release|ARM64.Build.0 = Release|Any CPU
		{DFBF5898-70CD-4D9B-909B-2E95FA3FBB91}.Release|x64.ActiveCfg = Release|Any CPU
		{DFBF5898-70CD-4D9B-909B-2E95FA3FBB91}.Release|x64.Build.0 = Release|Any CPU
		{DFBF5898-70CD-4D9B-909B-2E95FA3FBB91}.Release|x86.ActiveCfg = Release|Any CPU
		{DFBF5898-70CD-4D9B-909B-2E95FA3FBB91}.Release|x86.Build.0 = Release|Any CPU
		{B7E76129-E733-4A23-9C56-CDA123D83ACF}.Debug|Any CPU.ActiveCfg = Debug|Any CPU
		{B7E76129-E733-4A23-9C56-CDA123D83ACF}.Debug|Any CPU.Build.0 = Debug|Any CPU
		{B7E76129-E733-4A23-9C56-CDA123D83ACF}.Debug|ARM.ActiveCfg = Debug|Any CPU
		{B7E76129-E733-4A23-9C56-CDA123D83ACF}.Debug|ARM.Build.0 = Debug|Any CPU
		{B7E76129-E733-4A23-9C56-CDA123D83ACF}.Debug|ARM64.ActiveCfg = Debug|Any CPU
		{B7E76129-E733-4A23-9C56-CDA123D83ACF}.Debug|ARM64.Build.0 = Debug|Any CPU
		{B7E76129-E733-4A23-9C56-CDA123D83ACF}.Debug|x64.ActiveCfg = Debug|Any CPU
		{B7E76129-E733-4A23-9C56-CDA123D83ACF}.Debug|x64.Build.0 = Debug|Any CPU
		{B7E76129-E733-4A23-9C56-CDA123D83ACF}.Debug|x86.ActiveCfg = Debug|Any CPU
		{B7E76129-E733-4A23-9C56-CDA123D83ACF}.Debug|x86.Build.0 = Debug|Any CPU
		{B7E76129-E733-4A23-9C56-CDA123D83ACF}.Release|Any CPU.ActiveCfg = Release|Any CPU
		{B7E76129-E733-4A23-9C56-CDA123D83ACF}.Release|Any CPU.Build.0 = Release|Any CPU
		{B7E76129-E733-4A23-9C56-CDA123D83ACF}.Release|ARM.ActiveCfg = Release|Any CPU
		{B7E76129-E733-4A23-9C56-CDA123D83ACF}.Release|ARM.Build.0 = Release|Any CPU
		{B7E76129-E733-4A23-9C56-CDA123D83ACF}.Release|ARM64.ActiveCfg = Release|Any CPU
		{B7E76129-E733-4A23-9C56-CDA123D83ACF}.Release|ARM64.Build.0 = Release|Any CPU
		{B7E76129-E733-4A23-9C56-CDA123D83ACF}.Release|x64.ActiveCfg = Release|Any CPU
		{B7E76129-E733-4A23-9C56-CDA123D83ACF}.Release|x64.Build.0 = Release|Any CPU
		{B7E76129-E733-4A23-9C56-CDA123D83ACF}.Release|x86.ActiveCfg = Release|Any CPU
		{B7E76129-E733-4A23-9C56-CDA123D83ACF}.Release|x86.Build.0 = Release|Any CPU
		{27A5E42A-CE2F-4BFA-B4B4-A94EBD82979C}.Debug|Any CPU.ActiveCfg = Debug|Any CPU
		{27A5E42A-CE2F-4BFA-B4B4-A94EBD82979C}.Debug|Any CPU.Build.0 = Debug|Any CPU
		{27A5E42A-CE2F-4BFA-B4B4-A94EBD82979C}.Debug|Any CPU.Deploy.0 = Debug|Any CPU
		{27A5E42A-CE2F-4BFA-B4B4-A94EBD82979C}.Debug|ARM.ActiveCfg = Debug|Any CPU
		{27A5E42A-CE2F-4BFA-B4B4-A94EBD82979C}.Debug|ARM.Build.0 = Debug|Any CPU
		{27A5E42A-CE2F-4BFA-B4B4-A94EBD82979C}.Debug|ARM64.ActiveCfg = Debug|Any CPU
		{27A5E42A-CE2F-4BFA-B4B4-A94EBD82979C}.Debug|ARM64.Build.0 = Debug|Any CPU
		{27A5E42A-CE2F-4BFA-B4B4-A94EBD82979C}.Debug|x64.ActiveCfg = Debug|Any CPU
		{27A5E42A-CE2F-4BFA-B4B4-A94EBD82979C}.Debug|x64.Build.0 = Debug|Any CPU
		{27A5E42A-CE2F-4BFA-B4B4-A94EBD82979C}.Debug|x86.ActiveCfg = Debug|Any CPU
		{27A5E42A-CE2F-4BFA-B4B4-A94EBD82979C}.Debug|x86.Build.0 = Debug|Any CPU
		{27A5E42A-CE2F-4BFA-B4B4-A94EBD82979C}.Release|Any CPU.ActiveCfg = Release|Any CPU
		{27A5E42A-CE2F-4BFA-B4B4-A94EBD82979C}.Release|Any CPU.Build.0 = Release|Any CPU
		{27A5E42A-CE2F-4BFA-B4B4-A94EBD82979C}.Release|ARM.ActiveCfg = Release|Any CPU
		{27A5E42A-CE2F-4BFA-B4B4-A94EBD82979C}.Release|ARM.Build.0 = Release|Any CPU
		{27A5E42A-CE2F-4BFA-B4B4-A94EBD82979C}.Release|ARM64.ActiveCfg = Release|Any CPU
		{27A5E42A-CE2F-4BFA-B4B4-A94EBD82979C}.Release|ARM64.Build.0 = Release|Any CPU
		{27A5E42A-CE2F-4BFA-B4B4-A94EBD82979C}.Release|x64.ActiveCfg = Release|Any CPU
		{27A5E42A-CE2F-4BFA-B4B4-A94EBD82979C}.Release|x64.Build.0 = Release|Any CPU
		{27A5E42A-CE2F-4BFA-B4B4-A94EBD82979C}.Release|x86.ActiveCfg = Release|Any CPU
		{27A5E42A-CE2F-4BFA-B4B4-A94EBD82979C}.Release|x86.Build.0 = Release|Any CPU
		{A5EE508A-BBDF-4D0F-B4C7-E87AB6FAB280}.Debug|Any CPU.ActiveCfg = Debug|Any CPU
		{A5EE508A-BBDF-4D0F-B4C7-E87AB6FAB280}.Debug|Any CPU.Build.0 = Debug|Any CPU
		{A5EE508A-BBDF-4D0F-B4C7-E87AB6FAB280}.Debug|ARM.ActiveCfg = Debug|Any CPU
		{A5EE508A-BBDF-4D0F-B4C7-E87AB6FAB280}.Debug|ARM.Build.0 = Debug|Any CPU
		{A5EE508A-BBDF-4D0F-B4C7-E87AB6FAB280}.Debug|ARM64.ActiveCfg = Debug|Any CPU
		{A5EE508A-BBDF-4D0F-B4C7-E87AB6FAB280}.Debug|ARM64.Build.0 = Debug|Any CPU
		{A5EE508A-BBDF-4D0F-B4C7-E87AB6FAB280}.Debug|x64.ActiveCfg = Debug|Any CPU
		{A5EE508A-BBDF-4D0F-B4C7-E87AB6FAB280}.Debug|x64.Build.0 = Debug|Any CPU
		{A5EE508A-BBDF-4D0F-B4C7-E87AB6FAB280}.Debug|x86.ActiveCfg = Debug|Any CPU
		{A5EE508A-BBDF-4D0F-B4C7-E87AB6FAB280}.Debug|x86.Build.0 = Debug|Any CPU
		{A5EE508A-BBDF-4D0F-B4C7-E87AB6FAB280}.Release|Any CPU.ActiveCfg = Release|Any CPU
		{A5EE508A-BBDF-4D0F-B4C7-E87AB6FAB280}.Release|Any CPU.Build.0 = Release|Any CPU
		{A5EE508A-BBDF-4D0F-B4C7-E87AB6FAB280}.Release|ARM.ActiveCfg = Release|Any CPU
		{A5EE508A-BBDF-4D0F-B4C7-E87AB6FAB280}.Release|ARM.Build.0 = Release|Any CPU
		{A5EE508A-BBDF-4D0F-B4C7-E87AB6FAB280}.Release|ARM64.ActiveCfg = Release|Any CPU
		{A5EE508A-BBDF-4D0F-B4C7-E87AB6FAB280}.Release|ARM64.Build.0 = Release|Any CPU
		{A5EE508A-BBDF-4D0F-B4C7-E87AB6FAB280}.Release|x64.ActiveCfg = Release|Any CPU
		{A5EE508A-BBDF-4D0F-B4C7-E87AB6FAB280}.Release|x64.Build.0 = Release|Any CPU
		{A5EE508A-BBDF-4D0F-B4C7-E87AB6FAB280}.Release|x86.ActiveCfg = Release|Any CPU
		{A5EE508A-BBDF-4D0F-B4C7-E87AB6FAB280}.Release|x86.Build.0 = Release|Any CPU
	EndGlobalSection
	GlobalSection(SolutionProperties) = preSolution
		HideSolutionNode = FALSE
	EndGlobalSection
	GlobalSection(NestedProjects) = preSolution
		{545A89C8-2276-498D-B892-6AA3AF0ED1F7} = {217FE0F4-5A9C-4E78-B7C3-6A5AC8FBF23F}
		{76778870-A6F5-43F4-9BAA-DEC0473F217E} = {217FE0F4-5A9C-4E78-B7C3-6A5AC8FBF23F}
		{817EBE08-2BE4-4251-92D0-117822D8F16A} = {217FE0F4-5A9C-4E78-B7C3-6A5AC8FBF23F}
		{36EE8076-FD50-4A1F-8853-D70C0D921711} = {217FE0F4-5A9C-4E78-B7C3-6A5AC8FBF23F}
		{62FE6607-FE23-4DF0-BF23-9FB7D70C829A} = {217FE0F4-5A9C-4E78-B7C3-6A5AC8FBF23F}
		{0A1A8C48-3C84-4030-89C7-7B27643BC789} = {217FE0F4-5A9C-4E78-B7C3-6A5AC8FBF23F}
		{708BE32F-3BB5-4D19-A925-B65B61B37C0F} = {EE38DE68-3D89-4E3C-A4B8-80FBACB3A9E8}
		{F4DF309F-BF39-4D01-8FFA-0B0AD93EE5A1} = {217FE0F4-5A9C-4E78-B7C3-6A5AC8FBF23F}
		{ED73592B-9381-44CB-BA65-73A87509B17B} = {217FE0F4-5A9C-4E78-B7C3-6A5AC8FBF23F}
		{DFBF5898-70CD-4D9B-909B-2E95FA3FBB91} = {217FE0F4-5A9C-4E78-B7C3-6A5AC8FBF23F}
		{B7E76129-E733-4A23-9C56-CDA123D83ACF} = {4A268887-EC73-42D5-9E0E-58DAC2C836C8}
		{27A5E42A-CE2F-4BFA-B4B4-A94EBD82979C} = {4A268887-EC73-42D5-9E0E-58DAC2C836C8}
		{A5EE508A-BBDF-4D0F-B4C7-E87AB6FAB280} = {4A268887-EC73-42D5-9E0E-58DAC2C836C8}
	EndGlobalSection
	GlobalSection(ExtensibilityGlobals) = postSolution
		SolutionGuid = {4AC132B0-A7DB-4A9D-8E38-A14BEA988783}
	EndGlobalSection
	GlobalSection(Performance) = preSolution
		HasPerformanceSessions = true
	EndGlobalSection
EndGlobal
