
Microsoft Visual Studio Solution File, Format Version 12.00
# Visual Studio 14
VisualStudioVersion = 14.0.25420.1
MinimumVisualStudioVersion = 10.0.40219.1
Project("{FAE04EC0-301F-11D3-BF4B-00C04F79EFBC}") = "Bililive_dm", "Bililive_dm\Bililive_dm.csproj", "{545A89C8-2276-498D-B892-6AA3AF0ED1F7}"
	ProjectSection(ProjectDependencies) = postProject
		{817EBE08-2BE4-4251-92D0-117822D8F16A} = {817EBE08-2BE4-4251-92D0-117822D8F16A}
		{36EE8076-FD50-4A1F-8853-D70C0D921711} = {36EE8076-FD50-4A1F-8853-D70C0D921711}
	EndProjectSection
EndProject
Project("{FAE04EC0-301F-11D3-BF4B-00C04F79EFBC}") = "BiliDMLib", "BiliDMLib\BiliDMLib.csproj", "{76778870-A6F5-43F4-9BAA-DEC0473F217E}"
EndProject
Project("{8BC9CEB8-8B4A-11D0-8D11-00A0C91BC942}") = "libwtfdanmaku", "libwtfdanmaku\libwtfdanmaku.vcxproj", "{817EBE08-2BE4-4251-92D0-117822D8F16A}"
EndProject
Project("{8BC9CEB8-8B4A-11D0-8D11-00A0C91BC942}") = "wtf_lib_builder", "wtf_lib_builder\wtf_lib_builder.vcxproj", "{36EE8076-FD50-4A1F-8853-D70C0D921711}"
EndProject
Project("{FAE04EC0-301F-11D3-BF4B-00C04F79EFBC}") = "BilibiliDM_PluginFramework", "BilibiliDM_PluginFramework\BilibiliDM_PluginFramework.csproj", "{62FE6607-FE23-4DF0-BF23-9FB7D70C829A}"
EndProject
Project("{FAE04EC0-301F-11D3-BF4B-00C04F79EFBC}") = "DMPluginTest", "DMPluginTest\DMPluginTest.csproj", "{0A1A8C48-3C84-4030-89C7-7B27643BC789}"
EndProject
Global
	GlobalSection(Performance) = preSolution
		HasPerformanceSessions = true
	EndGlobalSection
	GlobalSection(SolutionConfigurationPlatforms) = preSolution
		Debug|Any CPU = Debug|Any CPU
		Debug|x86 = Debug|x86
		Release|Any CPU = Release|Any CPU
		Release|x86 = Release|x86
	EndGlobalSection
	GlobalSection(ProjectConfigurationPlatforms) = postSolution
		{545A89C8-2276-498D-B892-6AA3AF0ED1F7}.Debug|Any CPU.ActiveCfg = Debug|Any CPU
		{545A89C8-2276-498D-B892-6AA3AF0ED1F7}.Debug|Any CPU.Build.0 = Debug|Any CPU
		{545A89C8-2276-498D-B892-6AA3AF0ED1F7}.Debug|x86.ActiveCfg = Debug|x86
		{545A89C8-2276-498D-B892-6AA3AF0ED1F7}.Debug|x86.Build.0 = Debug|x86
		{545A89C8-2276-498D-B892-6AA3AF0ED1F7}.Release|Any CPU.ActiveCfg = Release|Any CPU
		{545A89C8-2276-498D-B892-6AA3AF0ED1F7}.Release|Any CPU.Build.0 = Release|Any CPU
		{545A89C8-2276-498D-B892-6AA3AF0ED1F7}.Release|x86.ActiveCfg = Release|x86
		{545A89C8-2276-498D-B892-6AA3AF0ED1F7}.Release|x86.Build.0 = Release|x86
		{76778870-A6F5-43F4-9BAA-DEC0473F217E}.Debug|Any CPU.ActiveCfg = Debug|Any CPU
		{76778870-A6F5-43F4-9BAA-DEC0473F217E}.Debug|Any CPU.Build.0 = Debug|Any CPU
		{76778870-A6F5-43F4-9BAA-DEC0473F217E}.Debug|x86.ActiveCfg = Debug|x86
		{76778870-A6F5-43F4-9BAA-DEC0473F217E}.Debug|x86.Build.0 = Debug|x86
		{76778870-A6F5-43F4-9BAA-DEC0473F217E}.Release|Any CPU.ActiveCfg = Release|Any CPU
		{76778870-A6F5-43F4-9BAA-DEC0473F217E}.Release|Any CPU.Build.0 = Release|Any CPU
		{76778870-A6F5-43F4-9BAA-DEC0473F217E}.Release|x86.ActiveCfg = Release|x86
		{76778870-A6F5-43F4-9BAA-DEC0473F217E}.Release|x86.Build.0 = Release|x86
		{817EBE08-2BE4-4251-92D0-117822D8F16A}.Debug|Any CPU.ActiveCfg = Debug|Win32
		{817EBE08-2BE4-4251-92D0-117822D8F16A}.Debug|x86.ActiveCfg = Debug|Win32
		{817EBE08-2BE4-4251-92D0-117822D8F16A}.Release|Any CPU.ActiveCfg = Release|Win32
		{817EBE08-2BE4-4251-92D0-117822D8F16A}.Release|x86.ActiveCfg = Release|Win32
		{817EBE08-2BE4-4251-92D0-117822D8F16A}.Release|x86.Build.0 = Release|Win32
		{36EE8076-FD50-4A1F-8853-D70C0D921711}.Debug|Any CPU.ActiveCfg = Debug|Win32
		{36EE8076-FD50-4A1F-8853-D70C0D921711}.Debug|Any CPU.Build.0 = Debug|Win32
		{36EE8076-FD50-4A1F-8853-D70C0D921711}.Debug|x86.ActiveCfg = Debug|Win32
		{36EE8076-FD50-4A1F-8853-D70C0D921711}.Debug|x86.Build.0 = Debug|Win32
		{36EE8076-FD50-4A1F-8853-D70C0D921711}.Release|Any CPU.ActiveCfg = Release|Win32
		{36EE8076-FD50-4A1F-8853-D70C0D921711}.Release|Any CPU.Build.0 = Release|Win32
		{36EE8076-FD50-4A1F-8853-D70C0D921711}.Release|x86.ActiveCfg = Release|Win32
		{36EE8076-FD50-4A1F-8853-D70C0D921711}.Release|x86.Build.0 = Release|Win32
		{62FE6607-FE23-4DF0-BF23-9FB7D70C829A}.Debug|Any CPU.ActiveCfg = Debug|Any CPU
		{62FE6607-FE23-4DF0-BF23-9FB7D70C829A}.Debug|Any CPU.Build.0 = Debug|Any CPU
		{62FE6607-FE23-4DF0-BF23-9FB7D70C829A}.Debug|x86.ActiveCfg = Debug|x86
		{62FE6607-FE23-4DF0-BF23-9FB7D70C829A}.Debug|x86.Build.0 = Debug|x86
		{62FE6607-FE23-4DF0-BF23-9FB7D70C829A}.Release|Any CPU.ActiveCfg = Release|Any CPU
		{62FE6607-FE23-4DF0-BF23-9FB7D70C829A}.Release|Any CPU.Build.0 = Release|Any CPU
		{62FE6607-FE23-4DF0-BF23-9FB7D70C829A}.Release|x86.ActiveCfg = Release|x86
		{62FE6607-FE23-4DF0-BF23-9FB7D70C829A}.Release|x86.Build.0 = Release|x86
		{0A1A8C48-3C84-4030-89C7-7B27643BC789}.Debug|Any CPU.ActiveCfg = Debug|Any CPU
		{0A1A8C48-3C84-4030-89C7-7B27643BC789}.Debug|Any CPU.Build.0 = Debug|Any CPU
		{0A1A8C48-3C84-4030-89C7-7B27643BC789}.Debug|x86.ActiveCfg = Debug|x86
		{0A1A8C48-3C84-4030-89C7-7B27643BC789}.Debug|x86.Build.0 = Debug|x86
		{0A1A8C48-3C84-4030-89C7-7B27643BC789}.Release|Any CPU.ActiveCfg = Release|Any CPU
		{0A1A8C48-3C84-4030-89C7-7B27643BC789}.Release|Any CPU.Build.0 = Release|Any CPU
		{0A1A8C48-3C84-4030-89C7-7B27643BC789}.Release|x86.ActiveCfg = Release|x86
		{0A1A8C48-3C84-4030-89C7-7B27643BC789}.Release|x86.Build.0 = Release|x86
	EndGlobalSection
	GlobalSection(SolutionProperties) = preSolution
		HideSolutionNode = FALSE
	EndGlobalSection
EndGlobal
